<Solution>
  <Project Path="Unity.RenderPipelines.GPUDriven.Runtime.csproj" />
  <Project Path="Unity.AppUI.csproj" />
  <Project Path="Unity.Serialization.csproj" />
  <Project Path="Unity.Entities.Graphics.csproj" />
  <Project Path="Unity.RenderPipelines.Core.Runtime.csproj" />
  <Project Path="Unity.ScriptableBuildPipeline.Editor.csproj" />
  <Project Path="Unity.Mathematics.csproj" />
  <Project Path="Unity.RenderPipelines.Core.Editor.csproj" />
  <Project Path="Unity.Collections.csproj" />
  <Project Path="UnityEngine.UI.csproj" />
  <Project Path="UnityEditor.TestRunner.csproj" />
  <Project Path="Unity.InferenceEngine.csproj" />
  <Project Path="Unity.InferenceEngine.Microsoft.Msagl.csproj" />
  <Project Path="Unity.Entities.UI.Editor.csproj" />
  <Project Path="Unity.PerformanceTesting.Editor.csproj" />
  <Project Path="UnityEngine.TestRunner.csproj" />
  <Project Path="Zelcam4.ML-Agents.CommunicatorObjects.csproj" />
  <Project Path="Unity.AppUI.Redux.csproj" />
  <Project Path="Unity.Burst.csproj" />
  <Project Path="Unity.InferenceEngine.Editor.Visualizer.csproj" />
  <Project Path="Unity.Entities.csproj" />
  <Project Path="Unity.VisualStudio.Editor.csproj" />
  <Project Path="Unity.AppUI.MVVM.csproj" />
  <Project Path="Unity.Scenes.csproj" />
  <Project Path="Unity.Entities.Editor.csproj" />
  <Project Path="Unity.RenderPipelines.Core.Runtime.Shared.csproj" />
  <Project Path="Unity.TextMeshPro.Editor.csproj" />
  <Project Path="Unity.Entities.CodeGen.csproj" />
  <Project Path="Assembly-CSharp.csproj" />
  <Project Path="Unity.InternalAPIEngineBridge.002.csproj" />
  <Project Path="Unity.InferenceEngine.Tokenization.csproj" />
  <Project Path="Unity.InferenceEngine.Editor.csproj" />
  <Project Path="Unity.Burst.CodeGen.csproj" />
  <Project Path="Unity.PerformanceTesting.csproj" />
  <Project Path="Unity.Entities.Hybrid.csproj" />
  <Project Path="Unity.Entities.Build.csproj" />
  <Project Path="Unity.Scenes.Editor.csproj" />
  <Project Path="UnityEditor.UI.csproj" />
  <Project Path="Unity.TextMeshPro.csproj" />
  <Project Path="Unity.InternalAPIEditorBridge.002.csproj" />
  <Project Path="Unity.Rendering.LightTransport.Runtime.csproj" />
  <Project Path="Unity.Toolchain.Linux-x86_64.csproj" />
  <Project Path="Unity.Burst.Editor.csproj" />
  <Project Path="Unity.Sysroot.Linux_x86_64.csproj" />
  <Project Path="Unity.InferenceEngine.MacBLAS.csproj" />
  <Project Path="VHierarchy.csproj" />
  <Project Path="Unity.AppUI.Editor.csproj" />
  <Project Path="Unity.Entities.Editor.Properties.csproj" />
  <Project Path="Unity.AppUI.InternalAPIBridge.csproj" />
  <Project Path="Unity.AppUI.Navigation.Editor.csproj" />
  <Project Path="Unity.Entities.UI.csproj" />
  <Project Path="Zelcam4.ML-Agents.csproj" />
  <Project Path="Wingman.csproj" />
  <Project Path="Unity.AppUI.Navigation.csproj" />
  <Project Path="Unity.Mathematics.Extensions.csproj" />
  <Project Path="Unity.Serialization.Editor.csproj" />
  <Project Path="Unity.Collections.CodeGen.csproj" />
  <Project Path="Unity.Mathematics.Editor.csproj" />
  <Project Path="Unity.Entities.Hybrid.HybridComponents.csproj" />
  <Project Path="Unity.Transforms.csproj" />
  <Project Path="Assembly-CSharp-Editor.csproj" />
  <Project Path="Unity.Deformations.csproj" />
  <Project Path="Unity.InferenceEngine.ONNX.Editor.csproj" />
  <Project Path="Zelcam4.ML-Agents.Editor.csproj" />
  <Project Path="Unity.SysrootPackage.Editor.csproj" />
  <Project Path="Unity.Mathematics.Extensions.Hybrid.csproj" />
  <Project Path="Unity.Profiling.Core.csproj" />
  <Project Path="Unity.AppUI.Undo.csproj" />
  <Project Path="Unity.Rendering.LightTransport.Editor.csproj" />
  <Project Path="Unity.ScriptableBuildPipeline.csproj" />
  <Project Path="Unity.InferenceEngine.iOSBLAS.csproj" />
  <Project Path="Unity.Entities.Graphics.Editor.csproj" />
  <Project Path="Unity.Core.Editor.csproj" />
  <Project Path="Unity.Transforms.Hybrid.csproj" />
  <Project Path="Unity.Collections.Editor.csproj" />
  <Project Path="Unity.RenderPipelines.Core.ShaderLibrary.csproj" />
  <Project Path="Unity.RenderPipelines.Core.Editor.Shared.csproj" />
</Solution>
